
Microsoft Visual Studio Solution File, Format Version 12.00
# Visual Studio 15
VisualStudioVersion = 15.0.27703.2018
MinimumVisualStudioVersion = 10.0.40219.1
Project("{F184B08F-C81C-45F6-A57F-5ABD9991F28F}") = "Vendor Import", "Customer Import\Vendor Import.vbproj", "{9ADEDA79-6E8C-416A-9B86-00BB2A4050E3}"
EndProject
Project("{54435603-DBB4-11D2-8724-00A0C9A8B90C}") = "Vendor Import Program", "Vendor Import Program\Vendor Import Program.vdproj", "{08A0980C-6A05-4079-B16C-7FF90EBF2189}"
EndProject
Global
	GlobalSection(SolutionConfigurationPlatforms) = preSolution
		Debug|Any CPU = Debug|Any CPU
		Release|Any CPU = Release|Any CPU
	EndGlobalSection
	GlobalSection(ProjectConfigurationPlatforms) = postSolution
		{9ADEDA79-6E8C-416A-9B86-00BB2A4050E3}.Debug|Any CPU.ActiveCfg = Debug|Any CPU
		{9ADEDA79-6E8C-416A-9B86-00BB2A4050E3}.Debug|Any CPU.Build.0 = Debug|Any CPU
		{9ADEDA79-6E8C-416A-9B86-00BB2A4050E3}.Release|Any CPU.ActiveCfg = Release|Any CPU
		{9ADEDA79-6E8C-416A-9B86-00BB2A4050E3}.Release|Any CPU.Build.0 = Release|Any CPU
		{08A0980C-6A05-4079-B16C-7FF90EBF2189}.Debug|Any CPU.ActiveCfg = Debug
		{08A0980C-6A05-4079-B16C-7FF90EBF2189}.Release|Any CPU.ActiveCfg = Release
	EndGlobalSection
	GlobalSection(SolutionProperties) = preSolution
		HideSolutionNode = FALSE
	EndGlobalSection
	GlobalSection(ExtensibilityGlobals) = postSolution
		SolutionGuid = {B4B97CBB-65FF-4406-8B7F-0FEED413D64A}
	EndGlobalSection
EndGlobal
